
Microsoft Visual Studio Solution File, Format Version 12.00
# Visual Studio Version 17
VisualStudioVersion = 17.2.32505.173
MinimumVisualStudioVersion = 10.0.40219.1
Project("{FAE04EC0-301F-11D3-BF4B-00C04F79EFBC}") = "MC_SVSelectNearestSectorWith", "MC_SVSelectNearestSectorWith\MC_SVSelectNearestSectorWith.csproj", "{9A9E9A5E-C717-4F7F-8A87-51FF0A6D6D5C}"
EndProject
Global
	GlobalSection(SolutionConfigurationPlatforms) = preSolution
		Debug|Any CPU = Debug|Any CPU
		Release|Any CPU = Release|Any CPU
	EndGlobalSection
	GlobalSection(ProjectConfigurationPlatforms) = postSolution
		{9A9E9A5E-C717-4F7F-8A87-51FF0A6D6D5C}.Debug|Any CPU.ActiveCfg = Debug|Any CPU
		{9A9E9A5E-C717-4F7F-8A87-51FF0A6D6D5C}.Debug|Any CPU.Build.0 = Debug|Any CPU
		{9A9E9A5E-C717-4F7F-8A87-51FF0A6D6D5C}.Release|Any CPU.ActiveCfg = Release|Any CPU
		{9A9E9A5E-C717-4F7F-8A87-51FF0A6D6D5C}.Release|Any CPU.Build.0 = Release|Any CPU
	EndGlobalSection
	GlobalSection(SolutionProperties) = preSolution
		HideSolutionNode = FALSE
	EndGlobalSection
	GlobalSection(ExtensibilityGlobals) = postSolution
		SolutionGuid = {2C9FC8AA-B7AA-49EF-B115-43E28DE53DFE}
	EndGlobalSection
EndGlobal
